// !$*UTF8*$!
{
	archiveVersion = 1;
	classes = {
	};
	objectVersion = 50;
	objects = {

/* Begin PBXBuildFile section */
		D843D67A271900190077B384 /* AppDelegate.swift in Sources */ = {isa = PBXBuildFile; fileRef = D843D679271900190077B384 /* AppDelegate.swift */; };
		D843D67C271900190077B384 /* SceneDelegate.swift in Sources */ = {isa = PBXBuildFile; fileRef = D843D67B271900190077B384 /* SceneDelegate.swift */; };
		D843D67E271900190077B384 /* ViewController.swift in Sources */ = {isa = PBXBuildFile; fileRef = D843D67D271900190077B384 /* ViewController.swift */; };
		D843D681271900190077B384 /* Main.storyboard in Resources */ = {isa = PBXBuildFile; fileRef = D843D67F271900190077B384 /* Main.storyboard */; };
		D843D684271900190077B384 /* HomegrownStudentRecipe.xcdatamodeld in Sources */ = {isa = PBXBuildFile; fileRef = D843D682271900190077B384 /* HomegrownStudentRecipe.xcdatamodeld */; };
		D843D6862719001A0077B384 /* Assets.xcassets in Resources */ = {isa = PBXBuildFile; fileRef = D843D6852719001A0077B384 /* Assets.xcassets */; };
		D843D6892719001A0077B384 /* LaunchScreen.storyboard in Resources */ = {isa = PBXBuildFile; fileRef = D843D6872719001A0077B384 /* LaunchScreen.storyboard */; };
		D843D6942719001A0077B384 /* HomegrownStudentRecipeTests.swift in Sources */ = {isa = PBXBuildFile; fileRef = D843D6932719001A0077B384 /* HomegrownStudentRecipeTests.swift */; };
		D843D69F2719001A0077B384 /* HomegrownStudentRecipeUITests.swift in Sources */ = {isa = PBXBuildFile; fileRef = D843D69E2719001A0077B384 /* HomegrownStudentRecipeUITests.swift */; };
/* End PBXBuildFile section */

/* Begin PBXContainerItemProxy section */
		D843D6902719001A0077B384 /* PBXContainerItemProxy */ = {
			isa = PBXContainerItemProxy;
			containerPortal = D843D66E271900190077B384 /* Project object */;
			proxyType = 1;
			remoteGlobalIDString = D843D675271900190077B384;
			remoteInfo = HomegrownStudentRecipe;
		};
		D843D69B2719001A0077B384 /* PBXContainerItemProxy */ = {
			isa = PBXContainerItemProxy;
			containerPortal = D843D66E271900190077B384 /* Project object */;
			proxyType = 1;
			remoteGlobalIDString = D843D675271900190077B384;
			remoteInfo = HomegrownStudentRecipe;
		};
/* End PBXContainerItemProxy section */

/* Begin PBXFileReference section */
		D843D676271900190077B384 /* HomegrownStudentRecipe.app */ = {isa = PBXFileReference; explicitFileType = wrapper.application; includeInIndex = 0; path = HomegrownStudentRecipe.app; sourceTree = BUILT_PRODUCTS_DIR; };
		D843D679271900190077B384 /* AppDelegate.swift */ = {isa = PBXFileReference; lastKnownFileType = sourcecode.swift; path = AppDelegate.swift; sourceTree = "<group>"; };
		D843D67B271900190077B384 /* SceneDelegate.swift */ = {isa = PBXFileReference; lastKnownFileType = sourcecode.swift; path = SceneDelegate.swift; sourceTree = "<group>"; };
		D843D67D271900190077B384 /* ViewController.swift */ = {isa = PBXFileReference; lastKnownFileType = sourcecode.swift; path = ViewController.swift; sourceTree = "<group>"; };
		D843D680271900190077B384 /* Base */ = {isa = PBXFileReference; lastKnownFileType = file.storyboard; name = Base; path = Base.lproj/Main.storyboard; sourceTree = "<group>"; };
		D843D683271900190077B384 /* HomegrownStudentRecipe.xcdatamodel */ = {isa = PBXFileReference; lastKnownFileType = wrapper.xcdatamodel; path = HomegrownStudentRecipe.xcdatamodel; sourceTree = "<group>"; };
		D843D6852719001A0077B384 /* Assets.xcassets */ = {isa = PBXFileReference; lastKnownFileType = folder.assetcatalog; path = Assets.xcassets; sourceTree = "<group>"; };
		D843D6882719001A0077B384 /* Base */ = {isa = PBXFileReference; lastKnownFileType = file.storyboard; name = Base; path = Base.lproj/LaunchScreen.storyboard; sourceTree = "<group>"; };
		D843D68A2719001A0077B384 /* Info.plist */ = {isa = PBXFileReference; lastKnownFileType = text.plist.xml; path = Info.plist; sourceTree = "<group>"; };
		D843D68F2719001A0077B384 /* HomegrownStudentRecipeTests.xctest */ = {isa = PBXFileReference; explicitFileType = wrapper.cfbundle; includeInIndex = 0; path = HomegrownStudentRecipeTests.xctest; sourceTree = BUILT_PRODUCTS_DIR; };
		D843D6932719001A0077B384 /* HomegrownStudentRecipeTests.swift */ = {isa = PBXFileReference; lastKnownFileType = sourcecode.swift; path = HomegrownStudentRecipeTests.swift; sourceTree = "<group>"; };
		D843D6952719001A0077B384 /* Info.plist */ = {isa = PBXFileReference; lastKnownFileType = text.plist.xml; path = Info.plist; sourceTree = "<group>"; };
		D843D69A2719001A0077B384 /* HomegrownStudentRecipeUITests.xctest */ = {isa = PBXFileReference; explicitFileType = wrapper.cfbundle; includeInIndex = 0; path = HomegrownStudentRecipeUITests.xctest; sourceTree = BUILT_PRODUCTS_DIR; };
		D843D69E2719001A0077B384 /* HomegrownStudentRecipeUITests.swift */ = {isa = PBXFileReference; lastKnownFileType = sourcecode.swift; path = HomegrownStudentRecipeUITests.swift; sourceTree = "<group>"; };
		D843D6A02719001A0077B384 /* Info.plist */ = {isa = PBXFileReference; lastKnownFileType = text.plist.xml; path = Info.plist; sourceTree = "<group>"; };
/* End PBXFileReference section */

/* Begin PBXFrameworksBuildPhase section */
		D843D673271900190077B384 /* Frameworks */ = {
			isa = PBXFrameworksBuildPhase;
			buildActionMask = 2147483647;
			files = (
			);
			runOnlyForDeploymentPostprocessing = 0;
		};
		D843D68C2719001A0077B384 /* Frameworks */ = {
			isa = PBXFrameworksBuildPhase;
			buildActionMask = 2147483647;
			files = (
			);
			runOnlyForDeploymentPostprocessing = 0;
		};
		D843D6972719001A0077B384 /* Frameworks */ = {
			isa = PBXFrameworksBuildPhase;
			buildActionMask = 2147483647;
			files = (
			);
			runOnlyForDeploymentPostprocessing = 0;
		};
/* End PBXFrameworksBuildPhase section */

/* Begin PBXGroup section */
		D843D66D271900190077B384 = {
			isa = PBXGroup;
			children = (
				D843D678271900190077B384 /* HomegrownStudentRecipe */,
				D843D6922719001A0077B384 /* HomegrownStudentRecipeTests */,
				D843D69D2719001A0077B384 /* HomegrownStudentRecipeUITests */,
				D843D677271900190077B384 /* Products */,
			);
			sourceTree = "<group>";
		};
		D843D677271900190077B384 /* Products */ = {
			isa = PBXGroup;
			children = (
				D843D676271900190077B384 /* HomegrownStudentRecipe.app */,
				D843D68F2719001A0077B384 /* HomegrownStudentRecipeTests.xctest */,
				D843D69A2719001A0077B384 /* HomegrownStudentRecipeUITests.xctest */,
			);
			name = Products;
			sourceTree = "<group>";
		};
		D843D678271900190077B384 /* HomegrownStudentRecipe */ = {
			isa = PBXGroup;
			children = (
				D843D679271900190077B384 /* AppDelegate.swift */,
				D843D67B271900190077B384 /* SceneDelegate.swift */,
				D843D67D271900190077B384 /* ViewController.swift */,
				D843D67F271900190077B384 /* Main.storyboard */,
				D843D6852719001A0077B384 /* Assets.xcassets */,
				D843D6872719001A0077B384 /* LaunchScreen.storyboard */,
				D843D68A2719001A0077B384 /* Info.plist */,
				D843D682271900190077B384 /* HomegrownStudentRecipe.xcdatamodeld */,
			);
			path = HomegrownStudentRecipe;
			sourceTree = "<group>";
		};
		D843D6922719001A0077B384 /* HomegrownStudentRecipeTests */ = {
			isa = PBXGroup;
			children = (
				D843D6932719001A0077B384 /* HomegrownStudentRecipeTests.swift */,
				D843D6952719001A0077B384 /* Info.plist */,
			);
			path = HomegrownStudentRecipeTests;
			sourceTree = "<group>";
		};
		D843D69D2719001A0077B384 /* HomegrownStudentRecipeUITests */ = {
			isa = PBXGroup;
			children = (
				D843D69E2719001A0077B384 /* HomegrownStudentRecipeUITests.swift */,
				D843D6A02719001A0077B384 /* Info.plist */,
			);
			path = HomegrownStudentRecipeUITests;
			sourceTree = "<group>";
		};
/* End PBXGroup section */

/* Begin PBXNativeTarget section */
		D843D675271900190077B384 /* HomegrownStudentRecipe */ = {
			isa = PBXNativeTarget;
			buildConfigurationList = D843D6A32719001A0077B384 /* Build configuration list for PBXNativeTarget "HomegrownStudentRecipe" */;
			buildPhases = (
				D843D672271900190077B384 /* Sources */,
				D843D673271900190077B384 /* Frameworks */,
				D843D674271900190077B384 /* Resources */,
			);
			buildRules = (
			);
			dependencies = (
			);
			name = HomegrownStudentRecipe;
			productName = HomegrownStudentRecipe;
			productReference = D843D676271900190077B384 /* HomegrownStudentRecipe.app */;
			productType = "com.apple.product-type.application";
		};
		D843D68E2719001A0077B384 /* HomegrownStudentRecipeTests */ = {
			isa = PBXNativeTarget;
			buildConfigurationList = D843D6A62719001A0077B384 /* Build configuration list for PBXNativeTarget "HomegrownStudentRecipeTests" */;
			buildPhases = (
				D843D68B2719001A0077B384 /* Sources */,
				D843D68C2719001A0077B384 /* Frameworks */,
				D843D68D2719001A0077B384 /* Resources */,
			);
			buildRules = (
			);
			dependencies = (
				D843D6912719001A0077B384 /* PBXTargetDependency */,
			);
			name = HomegrownStudentRecipeTests;
			productName = HomegrownStudentRecipeTests;
			productReference = D843D68F2719001A0077B384 /* HomegrownStudentRecipeTests.xctest */;
			productType = "com.apple.product-type.bundle.unit-test";
		};
		D843D6992719001A0077B384 /* HomegrownStudentRecipeUITests */ = {
			isa = PBXNativeTarget;
			buildConfigurationList = D843D6A92719001A0077B384 /* Build configuration list for PBXNativeTarget "HomegrownStudentRecipeUITests" */;
			buildPhases = (
				D843D6962719001A0077B384 /* Sources */,
				D843D6972719001A0077B384 /* Frameworks */,
				D843D6982719001A0077B384 /* Resources */,
			);
			buildRules = (
			);
			dependencies = (
				D843D69C2719001A0077B384 /* PBXTargetDependency */,
			);
			name = HomegrownStudentRecipeUITests;
			productName = HomegrownStudentRecipeUITests;
			productReference = D843D69A2719001A0077B384 /* HomegrownStudentRecipeUITests.xctest */;
			productType = "com.apple.product-type.bundle.ui-testing";
		};
/* End PBXNativeTarget section */

/* Begin PBXProject section */
		D843D66E271900190077B384 /* Project object */ = {
			isa = PBXProject;
			attributes = {
				LastSwiftUpdateCheck = 1240;
				LastUpgradeCheck = 1240;
				TargetAttributes = {
					D843D675271900190077B384 = {
						CreatedOnToolsVersion = 12.4;
					};
					D843D68E2719001A0077B384 = {
						CreatedOnToolsVersion = 12.4;
						TestTargetID = D843D675271900190077B384;
					};
					D843D6992719001A0077B384 = {
						CreatedOnToolsVersion = 12.4;
						TestTargetID = D843D675271900190077B384;
					};
				};
			};
			buildConfigurationList = D843D671271900190077B384 /* Build configuration list for PBXProject "HomegrownStudentRecipe" */;
			compatibilityVersion = "Xcode 9.3";
			developmentRegion = en;
			hasScannedForEncodings = 0;
			knownRegions = (
				en,
				Base,
			);
			mainGroup = D843D66D271900190077B384;
			productRefGroup = D843D677271900190077B384 /* Products */;
			projectDirPath = "";
			projectRoot = "";
			targets = (
				D843D675271900190077B384 /* HomegrownStudentRecipe */,
				D843D68E2719001A0077B384 /* HomegrownStudentRecipeTests */,
				D843D6992719001A0077B384 /* HomegrownStudentRecipeUITests */,
			);
		};
/* End PBXProject section */

/* Begin PBXResourcesBuildPhase section */
		D843D674271900190077B384 /* Resources */ = {
			isa = PBXResourcesBuildPhase;
			buildActionMask = 2147483647;
			files = (
				D843D6892719001A0077B384 /* LaunchScreen.storyboard in Resources */,
				D843D6862719001A0077B384 /* Assets.xcassets in Resources */,
				D843D681271900190077B384 /* Main.storyboard in Resources */,
			);
			runOnlyForDeploymentPostprocessing = 0;
		};
		D843D68D2719001A0077B384 /* Resources */ = {
			isa = PBXResourcesBuildPhase;
			buildActionMask = 2147483647;
			files = (
			);
			runOnlyForDeploymentPostprocessing = 0;
		};
		D843D6982719001A0077B384 /* Resources */ = {
			isa = PBXResourcesBuildPhase;
			buildActionMask = 2147483647;
			files = (
			);
			runOnlyForDeploymentPostprocessing = 0;
		};
/* End PBXResourcesBuildPhase section */

/* Begin PBXSourcesBuildPhase section */
		D843D672271900190077B384 /* Sources */ = {
			isa = PBXSourcesBuildPhase;
			buildActionMask = 2147483647;
			files = (
				D843D684271900190077B384 /* HomegrownStudentRecipe.xcdatamodeld in Sources */,
				D843D67E271900190077B384 /* ViewController.swift in Sources */,
				D843D67A271900190077B384 /* AppDelegate.swift in Sources */,
				D843D67C271900190077B384 /* SceneDelegate.swift in Sources */,
			);
			runOnlyForDeploymentPostprocessing = 0;
		};
		D843D68B2719001A0077B384 /* Sources */ = {
			isa = PBXSourcesBuildPhase;
			buildActionMask = 2147483647;
			files = (
				D843D6942719001A0077B384 /* HomegrownStudentRecipeTests.swift in Sources */,
			);
			runOnlyForDeploymentPostprocessing = 0;
		};
		D843D6962719001A0077B384 /* Sources */ = {
			isa = PBXSourcesBuildPhase;
			buildActionMask = 2147483647;
			files = (
				D843D69F2719001A0077B384 /* HomegrownStudentRecipeUITests.swift in Sources */,
			);
			runOnlyForDeploymentPostprocessing = 0;
		};
/* End PBXSourcesBuildPhase section */

/* Begin PBXTargetDependency section */
		D843D6912719001A0077B384 /* PBXTargetDependency */ = {
			isa = PBXTargetDependency;
			target = D843D675271900190077B384 /* HomegrownStudentRecipe */;
			targetProxy = D843D6902719001A0077B384 /* PBXContainerItemProxy */;
		};
		D843D69C2719001A0077B384 /* PBXTargetDependency */ = {
			isa = PBXTargetDependency;
			target = D843D675271900190077B384 /* HomegrownStudentRecipe */;
			targetProxy = D843D69B2719001A0077B384 /* PBXContainerItemProxy */;
		};
/* End PBXTargetDependency section */

/* Begin PBXVariantGroup section */
		D843D67F271900190077B384 /* Main.storyboard */ = {
			isa = PBXVariantGroup;
			children = (
				D843D680271900190077B384 /* Base */,
			);
			name = Main.storyboard;
			sourceTree = "<group>";
		};
		D843D6872719001A0077B384 /* LaunchScreen.storyboard */ = {
			isa = PBXVariantGroup;
			children = (
				D843D6882719001A0077B384 /* Base */,
			);
			name = LaunchScreen.storyboard;
			sourceTree = "<group>";
		};
/* End PBXVariantGroup section */

/* Begin XCBuildConfiguration section */
		D843D6A12719001A0077B384 /* Debug */ = {
			isa = XCBuildConfiguration;
			buildSettings = {
				ALWAYS_SEARCH_USER_PATHS = NO;
				CLANG_ANALYZER_NONNULL = YES;
				CLANG_ANALYZER_NUMBER_OBJECT_CONVERSION = YES_AGGRESSIVE;
				CLANG_CXX_LANGUAGE_STANDARD = "gnu++14";
				CLANG_CXX_LIBRARY = "libc++";
				CLANG_ENABLE_MODULES = YES;
				CLANG_ENABLE_OBJC_ARC = YES;
				CLANG_ENABLE_OBJC_WEAK = YES;
				CLANG_WARN_BLOCK_CAPTURE_AUTORELEASING = YES;
				CLANG_WARN_BOOL_CONVERSION = YES;
				CLANG_WARN_COMMA = YES;
				CLANG_WARN_CONSTANT_CONVERSION = YES;
				CLANG_WARN_DEPRECATED_OBJC_IMPLEMENTATIONS = YES;
				CLANG_WARN_DIRECT_OBJC_ISA_USAGE = YES_ERROR;
				CLANG_WARN_DOCUMENTATION_COMMENTS = YES;
				CLANG_WARN_EMPTY_BODY = YES;
				CLANG_WARN_ENUM_CONVERSION = YES;
				CLANG_WARN_INFINITE_RECURSION = YES;
				CLANG_WARN_INT_CONVERSION = YES;
				CLANG_WARN_NON_LITERAL_NULL_CONVERSION = YES;
				CLANG_WARN_OBJC_IMPLICIT_RETAIN_SELF = YES;
				CLANG_WARN_OBJC_LITERAL_CONVERSION = YES;
				CLANG_WARN_OBJC_ROOT_CLASS = YES_ERROR;
				CLANG_WARN_QUOTED_INCLUDE_IN_FRAMEWORK_HEADER = YES;
				CLANG_WARN_RANGE_LOOP_ANALYSIS = YES;
				CLANG_WARN_STRICT_PROTOTYPES = YES;
				CLANG_WARN_SUSPICIOUS_MOVE = YES;
				CLANG_WARN_UNGUARDED_AVAILABILITY = YES_AGGRESSIVE;
				CLANG_WARN_UNREACHABLE_CODE = YES;
				CLANG_WARN__DUPLICATE_METHOD_MATCH = YES;
				COPY_PHASE_STRIP = NO;
				DEBUG_INFORMATION_FORMAT = dwarf;
				ENABLE_STRICT_OBJC_MSGSEND = YES;
				ENABLE_TESTABILITY = YES;
				GCC_C_LANGUAGE_STANDARD = gnu11;
				GCC_DYNAMIC_NO_PIC = NO;
				GCC_NO_COMMON_BLOCKS = YES;
				GCC_OPTIMIZATION_LEVEL = 0;
				GCC_PREPROCESSOR_DEFINITIONS = (
					"DEBUG=1",
					"$(inherited)",
				);
				GCC_WARN_64_TO_32_BIT_CONVERSION = YES;
				GCC_WARN_ABOUT_RETURN_TYPE = YES_ERROR;
				GCC_WARN_UNDECLARED_SELECTOR = YES;
				GCC_WARN_UNINITIALIZED_AUTOS = YES_AGGRESSIVE;
				GCC_WARN_UNUSED_FUNCTION = YES;
				GCC_WARN_UNUSED_VARIABLE = YES;
				IPHONEOS_DEPLOYMENT_TARGET = 14.4;
				MTL_ENABLE_DEBUG_INFO = INCLUDE_SOURCE;
				MTL_FAST_MATH = YES;
				ONLY_ACTIVE_ARCH = YES;
				SDKROOT = iphoneos;
				SWIFT_ACTIVE_COMPILATION_CONDITIONS = DEBUG;
				SWIFT_OPTIMIZATION_LEVEL = "-Onone";
			};
			name = Debug;
		};
		D843D6A22719001A0077B384 /* Release */ = {
			isa = XCBuildConfiguration;
			buildSettings = {
				ALWAYS_SEARCH_USER_PATHS = NO;
				CLANG_ANALYZER_NONNULL = YES;
				CLANG_ANALYZER_NUMBER_OBJECT_CONVERSION = YES_AGGRESSIVE;
				CLANG_CXX_LANGUAGE_STANDARD = "gnu++14";
				CLANG_CXX_LIBRARY = "libc++";
				CLANG_ENABLE_MODULES = YES;
				CLANG_ENABLE_OBJC_ARC = YES;
				CLANG_ENABLE_OBJC_WEAK = YES;
				CLANG_WARN_BLOCK_CAPTURE_AUTORELEASING = YES;
				CLANG_WARN_BOOL_CONVERSION = YES;
				CLANG_WARN_COMMA = YES;
				CLANG_WARN_CONSTANT_CONVERSION = YES;
				CLANG_WARN_DEPRECATED_OBJC_IMPLEMENTATIONS = YES;
				CLANG_WARN_DIRECT_OBJC_ISA_USAGE = YES_ERROR;
				CLANG_WARN_DOCUMENTATION_COMMENTS = YES;
				CLANG_WARN_EMPTY_BODY = YES;
				CLANG_WARN_ENUM_CONVERSION = YES;
				CLANG_WARN_INFINITE_RECURSION = YES;
				CLANG_WARN_INT_CONVERSION = YES;
				CLANG_WARN_NON_LITERAL_NULL_CONVERSION = YES;
				CLANG_WARN_OBJC_IMPLICIT_RETAIN_SELF = YES;
				CLANG_WARN_OBJC_LITERAL_CONVERSION = YES;
				CLANG_WARN_OBJC_ROOT_CLASS = YES_ERROR;
				CLANG_WARN_QUOTED_INCLUDE_IN_FRAMEWORK_HEADER = YES;
				CLANG_WARN_RANGE_LOOP_ANALYSIS = YES;
				CLANG_WARN_STRICT_PROTOTYPES = YES;
				CLANG_WARN_SUSPICIOUS_MOVE = YES;
				CLANG_WARN_UNGUARDED_AVAILABILITY = YES_AGGRESSIVE;
				CLANG_WARN_UNREACHABLE_CODE = YES;
				CLANG_WARN__DUPLICATE_METHOD_MATCH = YES;
				COPY_PHASE_STRIP = NO;
				DEBUG_INFORMATION_FORMAT = "dwarf-with-dsym";
				ENABLE_NS_ASSERTIONS = NO;
				ENABLE_STRICT_OBJC_MSGSEND = YES;
				GCC_C_LANGUAGE_STANDARD = gnu11;
				GCC_NO_COMMON_BLOCKS = YES;
				GCC_WARN_64_TO_32_BIT_CONVERSION = YES;
				GCC_WARN_ABOUT_RETURN_TYPE = YES_ERROR;
				GCC_WARN_UNDECLARED_SELECTOR = YES;
				GCC_WARN_UNINITIALIZED_AUTOS = YES_AGGRESSIVE;
				GCC_WARN_UNUSED_FUNCTION = YES;
				GCC_WARN_UNUSED_VARIABLE = YES;
				IPHONEOS_DEPLOYMENT_TARGET = 14.4;
				MTL_ENABLE_DEBUG_INFO = NO;
				MTL_FAST_MATH = YES;
				SDKROOT = iphoneos;
				SWIFT_COMPILATION_MODE = wholemodule;
				SWIFT_OPTIMIZATION_LEVEL = "-O";
				VALIDATE_PRODUCT = YES;
			};
			name = Release;
		};
		D843D6A42719001A0077B384 /* Debug */ = {
			isa = XCBuildConfiguration;
			buildSettings = {
				ASSETCATALOG_COMPILER_APPICON_NAME = AppIcon;
				ASSETCATALOG_COMPILER_GLOBAL_ACCENT_COLOR_NAME = AccentColor;
				CODE_SIGN_STYLE = Automatic;
				DEVELOPMENT_TEAM = 277QUM3J2F;
				INFOPLIST_FILE = HomegrownStudentRecipe/Info.plist;
				LD_RUNPATH_SEARCH_PATHS = (
					"$(inherited)",
					"@executable_path/Frameworks",
				);
				PRODUCT_BUNDLE_IDENTIFIER = com.bumjun.HomegrownStudentRecipe;
				PRODUCT_NAME = "$(TARGET_NAME)";
				SWIFT_VERSION = 5.0;
				TARGETED_DEVICE_FAMILY = "1,2";
			};
			name = Debug;
		};
		D843D6A52719001A0077B384 /* Release */ = {
			isa = XCBuildConfiguration;
			buildSettings = {
				ASSETCATALOG_COMPILER_APPICON_NAME = AppIcon;
				ASSETCATALOG_COMPILER_GLOBAL_ACCENT_COLOR_NAME = AccentColor;
				CODE_SIGN_STYLE = Automatic;
				DEVELOPMENT_TEAM = 277QUM3J2F;
				INFOPLIST_FILE = HomegrownStudentRecipe/Info.plist;
				LD_RUNPATH_SEARCH_PATHS = (
					"$(inherited)",
					"@executable_path/Frameworks",
				);
				PRODUCT_BUNDLE_IDENTIFIER = com.bumjun.HomegrownStudentRecipe;
				PRODUCT_NAME = "$(TARGET_NAME)";
				SWIFT_VERSION = 5.0;
				TARGETED_DEVICE_FAMILY = "1,2";
			};
			name = Release;
		};
		D843D6A72719001A0077B384 /* Debug */ = {
			isa = XCBuildConfiguration;
			buildSettings = {
				ALWAYS_EMBED_SWIFT_STANDARD_LIBRARIES = YES;
				BUNDLE_LOADER = "$(TEST_HOST)";
				CODE_SIGN_STYLE = Automatic;
				DEVELOPMENT_TEAM = 277QUM3J2F;
				INFOPLIST_FILE = HomegrownStudentRecipeTests/Info.plist;
				IPHONEOS_DEPLOYMENT_TARGET = 14.4;
				LD_RUNPATH_SEARCH_PATHS = (
					"$(inherited)",
					"@executable_path/Frameworks",
					"@loader_path/Frameworks",
				);
				PRODUCT_BUNDLE_IDENTIFIER = com.bumjun.HomegrownStudentRecipeTests;
				PRODUCT_NAME = "$(TARGET_NAME)";
				SWIFT_VERSION = 5.0;
				TARGETED_DEVICE_FAMILY = "1,2";
				TEST_HOST = "$(BUILT_PRODUCTS_DIR)/HomegrownStudentRecipe.app/HomegrownStudentRecipe";
			};
			name = Debug;
		};
		D843D6A82719001A0077B384 /* Release */ = {
			isa = XCBuildConfiguration;
			buildSettings = {
				ALWAYS_EMBED_SWIFT_STANDARD_LIBRARIES = YES;
				BUNDLE_LOADER = "$(TEST_HOST)";
				CODE_SIGN_STYLE = Automatic;
				DEVELOPMENT_TEAM = 277QUM3J2F;
				INFOPLIST_FILE = HomegrownStudentRecipeTests/Info.plist;
				IPHONEOS_DEPLOYMENT_TARGET = 14.4;
				LD_RUNPATH_SEARCH_PATHS = (
					"$(inherited)",
					"@executable_path/Frameworks",
					"@loader_path/Frameworks",
				);
				PRODUCT_BUNDLE_IDENTIFIER = com.bumjun.HomegrownStudentRecipeTests;
				PRODUCT_NAME = "$(TARGET_NAME)";
				SWIFT_VERSION = 5.0;
				TARGETED_DEVICE_FAMILY = "1,2";
				TEST_HOST = "$(BUILT_PRODUCTS_DIR)/HomegrownStudentRecipe.app/HomegrownStudentRecipe";
			};
			name = Release;
		};
		D843D6AA2719001A0077B384 /* Debug */ = {
			isa = XCBuildConfiguration;
			buildSettings = {
				ALWAYS_EMBED_SWIFT_STANDARD_LIBRARIES = YES;
				CODE_SIGN_STYLE = Automatic;
				DEVELOPMENT_TEAM = 277QUM3J2F;
				INFOPLIST_FILE = HomegrownStudentRecipeUITests/Info.plist;
				LD_RUNPATH_SEARCH_PATHS = (
					"$(inherited)",
					"@executable_path/Frameworks",
					"@loader_path/Frameworks",
				);
				PRODUCT_BUNDLE_IDENTIFIER = com.bumjun.HomegrownStudentRecipeUITests;
				PRODUCT_NAME = "$(TARGET_NAME)";
				SWIFT_VERSION = 5.0;
				TARGETED_DEVICE_FAMILY = "1,2";
				TEST_TARGET_NAME = HomegrownStudentRecipe;
			};
			name = Debug;
		};
		D843D6AB2719001A0077B384 /* Release */ = {
			isa = XCBuildConfiguration;
			buildSettings = {
				ALWAYS_EMBED_SWIFT_STANDARD_LIBRARIES = YES;
				CODE_SIGN_STYLE = Automatic;
				DEVELOPMENT_TEAM = 277QUM3J2F;
				INFOPLIST_FILE = HomegrownStudentRecipeUITests/Info.plist;
				LD_RUNPATH_SEARCH_PATHS = (
					"$(inherited)",
					"@executable_path/Frameworks",
					"@loader_path/Frameworks",
				);
				PRODUCT_BUNDLE_IDENTIFIER = com.bumjun.HomegrownStudentRecipeUITests;
				PRODUCT_NAME = "$(TARGET_NAME)";
				SWIFT_VERSION = 5.0;
				TARGETED_DEVICE_FAMILY = "1,2";
				TEST_TARGET_NAME = HomegrownStudentRecipe;
			};
			name = Release;
		};
/* End XCBuildConfiguration section */

/* Begin XCConfigurationList section */
		D843D671271900190077B384 /* Build configuration list for PBXProject "HomegrownStudentRecipe" */ = {
			isa = XCConfigurationList;
			buildConfigurations = (
				D843D6A12719001A0077B384 /* Debug */,
				D843D6A22719001A0077B384 /* Release */,
			);
			defaultConfigurationIsVisible = 0;
			defaultConfigurationName = Release;
		};
		D843D6A32719001A0077B384 /* Build configuration list for PBXNativeTarget "HomegrownStudentRecipe" */ = {
			isa = XCConfigurationList;
			buildConfigurations = (
				D843D6A42719001A0077B384 /* Debug */,
				D843D6A52719001A0077B384 /* Release */,
			);
			defaultConfigurationIsVisible = 0;
			defaultConfigurationName = Release;
		};
		D843D6A62719001A0077B384 /* Build configuration list for PBXNativeTarget "HomegrownStudentRecipeTests" */ = {
			isa = XCConfigurationList;
			buildConfigurations = (
				D843D6A72719001A0077B384 /* Debug */,
				D843D6A82719001A0077B384 /* Release */,
			);
			defaultConfigurationIsVisible = 0;
			defaultConfigurationName = Release;
		};
		D843D6A92719001A0077B384 /* Build configuration list for PBXNativeTarget "HomegrownStudentRecipeUITests" */ = {
			isa = XCConfigurationList;
			buildConfigurations = (
				D843D6AA2719001A0077B384 /* Debug */,
				D843D6AB2719001A0077B384 /* Release */,
			);
			defaultConfigurationIsVisible = 0;
			defaultConfigurationName = Release;
		};
/* End XCConfigurationList section */

/* Begin XCVersionGroup section */
		D843D682271900190077B384 /* HomegrownStudentRecipe.xcdatamodeld */ = {
			isa = XCVersionGroup;
			children = (
				D843D683271900190077B384 /* HomegrownStudentRecipe.xcdatamodel */,
			);
			currentVersion = D843D683271900190077B384 /* HomegrownStudentRecipe.xcdatamodel */;
			path = HomegrownStudentRecipe.xcdatamodeld;
			sourceTree = "<group>";
			versionGroupType = wrapper.xcdatamodel;
		};
/* End XCVersionGroup section */
	};
	rootObject = D843D66E271900190077B384 /* Project object */;
}
